
Microsoft Visual Studio Solution File, Format Version 12.00
# Visual Studio Version 16
VisualStudioVersion = 16.0.30413.136
MinimumVisualStudioVersion = 10.0.40219.1
Project("{2150E333-8FDC-42A3-9474-1A3956D46DE8}") = "API", "API", "{9F820E48-C214-4DBE-BCBF-F27B04D2841A}"
EndProject
Project("{2150E333-8FDC-42A3-9474-1A3956D46DE8}") = "Core", "Core", "{2A7CFBBD-F435-4069-9B37-4D34668CFD1F}"
EndProject
Project("{2150E333-8FDC-42A3-9474-1A3956D46DE8}") = "Database", "Database", "{A20F4129-BBDC-4882-8699-7E4A1955ECFB}"
EndProject
Project("{2150E333-8FDC-42A3-9474-1A3956D46DE8}") = "Services", "Services", "{C7AF0833-5A8C-46D9-A722-8AF38612B519}"
EndProject
Project("{9A19103F-16F7-4668-BE54-9A1E7A4F7556}") = "APIGateway", "APIGateway\APIGateway.csproj", "{5F13F2F5-83A1-490C-8CAD-C7B8CD60466E}"
EndProject
Project("{9A19103F-16F7-4668-BE54-9A1E7A4F7556}") = "Database.Sql.ERP", "Database\Database.Sql.ERP\Database.Sql.ERP.csproj", "{7F7147C1-F343-4312-B871-DC2F29CCA7CB}"
EndProject
Project("{9A19103F-16F7-4668-BE54-9A1E7A4F7556}") = "Services.System", "Services\Services.System\Services.System.csproj", "{B3CD752D-0EDB-498F-BD64-8FC5652E5462}"
EndProject
Project("{9A19103F-16F7-4668-BE54-9A1E7A4F7556}") = "Core.CommonModel", "Core\Core.CommonModel\Core.CommonModel.csproj", "{FDE5430C-AC55-43EE-B8A1-411C0B5FD830}"
EndProject
Project("{9A19103F-16F7-4668-BE54-9A1E7A4F7556}") = "API.System", "API\API.System\API.System.csproj", "{E670022D-4A75-490B-9CE4-73F5BAF9C99A}"
EndProject
Project("{9A19103F-16F7-4668-BE54-9A1E7A4F7556}") = "API.Common", "API\API.Common\API.Common.csproj", "{9DD79E4C-A4C7-4DE4-AD8B-82E6B5EB7BB6}"
EndProject
Project("{9A19103F-16F7-4668-BE54-9A1E7A4F7556}") = "API.Interview", "API\API.Interview\API.Interview.csproj", "{67ABEEA4-4A21-43D6-80EA-99CF5FF374AE}"
EndProject
Project("{9A19103F-16F7-4668-BE54-9A1E7A4F7556}") = "API.Cadidate", "API\API.Cadidate\API.Cadidate.csproj", "{225D8DE5-C30B-4E21-BE32-523149B211E0}"
EndProject
Project("{9A19103F-16F7-4668-BE54-9A1E7A4F7556}") = "API.Recruitment", "API\API.Recruitment\API.Recruitment.csproj", "{C89B8E9F-DE6F-4753-B224-758EE220A1DF}"
EndProject
Project("{9A19103F-16F7-4668-BE54-9A1E7A4F7556}") = "Core.DataAccess", "Core\Core.DataAccess\Core.DataAccess.csproj", "{14A55056-A598-4AB2-9899-1654CFAFAE13}"
EndProject
Project("{9A19103F-16F7-4668-BE54-9A1E7A4F7556}") = "Core.Utility", "Core\Core.Utility\Core.Utility.csproj", "{DFE93403-5F39-4738-822A-BED56AC4FBE1}"
EndProject
Project("{9A19103F-16F7-4668-BE54-9A1E7A4F7556}") = "Core.Services", "Core\Core.Services\Core.Services.csproj", "{D340B6B8-F0AF-4C22-90D5-890CF7A3AFB3}"
EndProject
Project("{9A19103F-16F7-4668-BE54-9A1E7A4F7556}") = "Services.Common", "Services\Services.Common\Services.Common.csproj", "{E7D314F4-1C8D-4E9B-8EFE-D045EE54D89E}"
EndProject
Project("{9A19103F-16F7-4668-BE54-9A1E7A4F7556}") = "Services.Recruitment", "Services\Services.Recruitment\Services.Recruitment.csproj", "{AF08C2D3-C31B-4A54-AA63-1F3978C96F01}"
EndProject
Project("{9A19103F-16F7-4668-BE54-9A1E7A4F7556}") = "Services.Interview", "Services\Services.Interview\Services.Interview.csproj", "{C74223FE-BFC2-4791-BDC2-A12F218873B3}"
EndProject
Project("{9A19103F-16F7-4668-BE54-9A1E7A4F7556}") = "Services.Cadidates", "Services\Services.Cadidate\Services.Cadidates.csproj", "{86B83EA8-8831-4185-B812-6226B1AF95EB}"
EndProject
Project("{9A19103F-16F7-4668-BE54-9A1E7A4F7556}") = "MVC", "MVC\MVC.csproj", "{98E874C1-5743-4688-9BAA-458AA8EF409B}"
EndProject
Project("{9A19103F-16F7-4668-BE54-9A1E7A4F7556}") = "Core.EmailSender", "Core\Core.EmailSender\Core.EmailSender.csproj", "{5C3615B3-E4B9-4092-9FDE-7BA727A1B8B8}"
EndProject
Global
	GlobalSection(SolutionConfigurationPlatforms) = preSolution
		Debug|Any CPU = Debug|Any CPU
		Release|Any CPU = Release|Any CPU
	EndGlobalSection
	GlobalSection(ProjectConfigurationPlatforms) = postSolution
		{5F13F2F5-83A1-490C-8CAD-C7B8CD60466E}.Debug|Any CPU.ActiveCfg = Debug|Any CPU
		{5F13F2F5-83A1-490C-8CAD-C7B8CD60466E}.Debug|Any CPU.Build.0 = Debug|Any CPU
		{5F13F2F5-83A1-490C-8CAD-C7B8CD60466E}.Release|Any CPU.ActiveCfg = Release|Any CPU
		{5F13F2F5-83A1-490C-8CAD-C7B8CD60466E}.Release|Any CPU.Build.0 = Release|Any CPU
		{7F7147C1-F343-4312-B871-DC2F29CCA7CB}.Debug|Any CPU.ActiveCfg = Debug|Any CPU
		{7F7147C1-F343-4312-B871-DC2F29CCA7CB}.Debug|Any CPU.Build.0 = Debug|Any CPU
		{7F7147C1-F343-4312-B871-DC2F29CCA7CB}.Release|Any CPU.ActiveCfg = Release|Any CPU
		{7F7147C1-F343-4312-B871-DC2F29CCA7CB}.Release|Any CPU.Build.0 = Release|Any CPU
		{B3CD752D-0EDB-498F-BD64-8FC5652E5462}.Debug|Any CPU.ActiveCfg = Debug|Any CPU
		{B3CD752D-0EDB-498F-BD64-8FC5652E5462}.Debug|Any CPU.Build.0 = Debug|Any CPU
		{B3CD752D-0EDB-498F-BD64-8FC5652E5462}.Release|Any CPU.ActiveCfg = Release|Any CPU
		{B3CD752D-0EDB-498F-BD64-8FC5652E5462}.Release|Any CPU.Build.0 = Release|Any CPU
		{FDE5430C-AC55-43EE-B8A1-411C0B5FD830}.Debug|Any CPU.ActiveCfg = Debug|Any CPU
		{FDE5430C-AC55-43EE-B8A1-411C0B5FD830}.Debug|Any CPU.Build.0 = Debug|Any CPU
		{FDE5430C-AC55-43EE-B8A1-411C0B5FD830}.Release|Any CPU.ActiveCfg = Release|Any CPU
		{FDE5430C-AC55-43EE-B8A1-411C0B5FD830}.Release|Any CPU.Build.0 = Release|Any CPU
		{E670022D-4A75-490B-9CE4-73F5BAF9C99A}.Debug|Any CPU.ActiveCfg = Debug|Any CPU
		{E670022D-4A75-490B-9CE4-73F5BAF9C99A}.Debug|Any CPU.Build.0 = Debug|Any CPU
		{E670022D-4A75-490B-9CE4-73F5BAF9C99A}.Release|Any CPU.ActiveCfg = Release|Any CPU
		{E670022D-4A75-490B-9CE4-73F5BAF9C99A}.Release|Any CPU.Build.0 = Release|Any CPU
		{9DD79E4C-A4C7-4DE4-AD8B-82E6B5EB7BB6}.Debug|Any CPU.ActiveCfg = Debug|Any CPU
		{9DD79E4C-A4C7-4DE4-AD8B-82E6B5EB7BB6}.Debug|Any CPU.Build.0 = Debug|Any CPU
		{9DD79E4C-A4C7-4DE4-AD8B-82E6B5EB7BB6}.Release|Any CPU.ActiveCfg = Release|Any CPU
		{9DD79E4C-A4C7-4DE4-AD8B-82E6B5EB7BB6}.Release|Any CPU.Build.0 = Release|Any CPU
		{67ABEEA4-4A21-43D6-80EA-99CF5FF374AE}.Debug|Any CPU.ActiveCfg = Debug|Any CPU
		{67ABEEA4-4A21-43D6-80EA-99CF5FF374AE}.Debug|Any CPU.Build.0 = Debug|Any CPU
		{67ABEEA4-4A21-43D6-80EA-99CF5FF374AE}.Release|Any CPU.ActiveCfg = Release|Any CPU
		{67ABEEA4-4A21-43D6-80EA-99CF5FF374AE}.Release|Any CPU.Build.0 = Release|Any CPU
		{225D8DE5-C30B-4E21-BE32-523149B211E0}.Debug|Any CPU.ActiveCfg = Debug|Any CPU
		{225D8DE5-C30B-4E21-BE32-523149B211E0}.Debug|Any CPU.Build.0 = Debug|Any CPU
		{225D8DE5-C30B-4E21-BE32-523149B211E0}.Release|Any CPU.ActiveCfg = Release|Any CPU
		{225D8DE5-C30B-4E21-BE32-523149B211E0}.Release|Any CPU.Build.0 = Release|Any CPU
		{C89B8E9F-DE6F-4753-B224-758EE220A1DF}.Debug|Any CPU.ActiveCfg = Debug|Any CPU
		{C89B8E9F-DE6F-4753-B224-758EE220A1DF}.Debug|Any CPU.Build.0 = Debug|Any CPU
		{C89B8E9F-DE6F-4753-B224-758EE220A1DF}.Release|Any CPU.ActiveCfg = Release|Any CPU
		{C89B8E9F-DE6F-4753-B224-758EE220A1DF}.Release|Any CPU.Build.0 = Release|Any CPU
		{14A55056-A598-4AB2-9899-1654CFAFAE13}.Debug|Any CPU.ActiveCfg = Debug|Any CPU
		{14A55056-A598-4AB2-9899-1654CFAFAE13}.Debug|Any CPU.Build.0 = Debug|Any CPU
		{14A55056-A598-4AB2-9899-1654CFAFAE13}.Release|Any CPU.ActiveCfg = Release|Any CPU
		{14A55056-A598-4AB2-9899-1654CFAFAE13}.Release|Any CPU.Build.0 = Release|Any CPU
		{DFE93403-5F39-4738-822A-BED56AC4FBE1}.Debug|Any CPU.ActiveCfg = Debug|Any CPU
		{DFE93403-5F39-4738-822A-BED56AC4FBE1}.Debug|Any CPU.Build.0 = Debug|Any CPU
		{DFE93403-5F39-4738-822A-BED56AC4FBE1}.Release|Any CPU.ActiveCfg = Release|Any CPU
		{DFE93403-5F39-4738-822A-BED56AC4FBE1}.Release|Any CPU.Build.0 = Release|Any CPU
		{D340B6B8-F0AF-4C22-90D5-890CF7A3AFB3}.Debug|Any CPU.ActiveCfg = Debug|Any CPU
		{D340B6B8-F0AF-4C22-90D5-890CF7A3AFB3}.Debug|Any CPU.Build.0 = Debug|Any CPU
		{D340B6B8-F0AF-4C22-90D5-890CF7A3AFB3}.Release|Any CPU.ActiveCfg = Release|Any CPU
		{D340B6B8-F0AF-4C22-90D5-890CF7A3AFB3}.Release|Any CPU.Build.0 = Release|Any CPU
		{E7D314F4-1C8D-4E9B-8EFE-D045EE54D89E}.Debug|Any CPU.ActiveCfg = Debug|Any CPU
		{E7D314F4-1C8D-4E9B-8EFE-D045EE54D89E}.Debug|Any CPU.Build.0 = Debug|Any CPU
		{E7D314F4-1C8D-4E9B-8EFE-D045EE54D89E}.Release|Any CPU.ActiveCfg = Release|Any CPU
		{E7D314F4-1C8D-4E9B-8EFE-D045EE54D89E}.Release|Any CPU.Build.0 = Release|Any CPU
		{AF08C2D3-C31B-4A54-AA63-1F3978C96F01}.Debug|Any CPU.ActiveCfg = Debug|Any CPU
		{AF08C2D3-C31B-4A54-AA63-1F3978C96F01}.Debug|Any CPU.Build.0 = Debug|Any CPU
		{AF08C2D3-C31B-4A54-AA63-1F3978C96F01}.Release|Any CPU.ActiveCfg = Release|Any CPU
		{AF08C2D3-C31B-4A54-AA63-1F3978C96F01}.Release|Any CPU.Build.0 = Release|Any CPU
		{C74223FE-BFC2-4791-BDC2-A12F218873B3}.Debug|Any CPU.ActiveCfg = Debug|Any CPU
		{C74223FE-BFC2-4791-BDC2-A12F218873B3}.Debug|Any CPU.Build.0 = Debug|Any CPU
		{C74223FE-BFC2-4791-BDC2-A12F218873B3}.Release|Any CPU.ActiveCfg = Release|Any CPU
		{C74223FE-BFC2-4791-BDC2-A12F218873B3}.Release|Any CPU.Build.0 = Release|Any CPU
		{86B83EA8-8831-4185-B812-6226B1AF95EB}.Debug|Any CPU.ActiveCfg = Debug|Any CPU
		{86B83EA8-8831-4185-B812-6226B1AF95EB}.Debug|Any CPU.Build.0 = Debug|Any CPU
		{86B83EA8-8831-4185-B812-6226B1AF95EB}.Release|Any CPU.ActiveCfg = Release|Any CPU
		{86B83EA8-8831-4185-B812-6226B1AF95EB}.Release|Any CPU.Build.0 = Release|Any CPU
		{98E874C1-5743-4688-9BAA-458AA8EF409B}.Debug|Any CPU.ActiveCfg = Debug|Any CPU
		{98E874C1-5743-4688-9BAA-458AA8EF409B}.Debug|Any CPU.Build.0 = Debug|Any CPU
		{98E874C1-5743-4688-9BAA-458AA8EF409B}.Release|Any CPU.ActiveCfg = Release|Any CPU
		{98E874C1-5743-4688-9BAA-458AA8EF409B}.Release|Any CPU.Build.0 = Release|Any CPU
		{5C3615B3-E4B9-4092-9FDE-7BA727A1B8B8}.Debug|Any CPU.ActiveCfg = Debug|Any CPU
		{5C3615B3-E4B9-4092-9FDE-7BA727A1B8B8}.Debug|Any CPU.Build.0 = Debug|Any CPU
		{5C3615B3-E4B9-4092-9FDE-7BA727A1B8B8}.Release|Any CPU.ActiveCfg = Release|Any CPU
		{5C3615B3-E4B9-4092-9FDE-7BA727A1B8B8}.Release|Any CPU.Build.0 = Release|Any CPU
	EndGlobalSection
	GlobalSection(SolutionProperties) = preSolution
		HideSolutionNode = FALSE
	EndGlobalSection
	GlobalSection(NestedProjects) = preSolution
		{7F7147C1-F343-4312-B871-DC2F29CCA7CB} = {A20F4129-BBDC-4882-8699-7E4A1955ECFB}
		{B3CD752D-0EDB-498F-BD64-8FC5652E5462} = {C7AF0833-5A8C-46D9-A722-8AF38612B519}
		{FDE5430C-AC55-43EE-B8A1-411C0B5FD830} = {2A7CFBBD-F435-4069-9B37-4D34668CFD1F}
		{E670022D-4A75-490B-9CE4-73F5BAF9C99A} = {9F820E48-C214-4DBE-BCBF-F27B04D2841A}
		{9DD79E4C-A4C7-4DE4-AD8B-82E6B5EB7BB6} = {9F820E48-C214-4DBE-BCBF-F27B04D2841A}
		{67ABEEA4-4A21-43D6-80EA-99CF5FF374AE} = {9F820E48-C214-4DBE-BCBF-F27B04D2841A}
		{225D8DE5-C30B-4E21-BE32-523149B211E0} = {9F820E48-C214-4DBE-BCBF-F27B04D2841A}
		{C89B8E9F-DE6F-4753-B224-758EE220A1DF} = {9F820E48-C214-4DBE-BCBF-F27B04D2841A}
		{14A55056-A598-4AB2-9899-1654CFAFAE13} = {2A7CFBBD-F435-4069-9B37-4D34668CFD1F}
		{DFE93403-5F39-4738-822A-BED56AC4FBE1} = {2A7CFBBD-F435-4069-9B37-4D34668CFD1F}
		{D340B6B8-F0AF-4C22-90D5-890CF7A3AFB3} = {2A7CFBBD-F435-4069-9B37-4D34668CFD1F}
		{E7D314F4-1C8D-4E9B-8EFE-D045EE54D89E} = {C7AF0833-5A8C-46D9-A722-8AF38612B519}
		{AF08C2D3-C31B-4A54-AA63-1F3978C96F01} = {C7AF0833-5A8C-46D9-A722-8AF38612B519}
		{C74223FE-BFC2-4791-BDC2-A12F218873B3} = {C7AF0833-5A8C-46D9-A722-8AF38612B519}
		{86B83EA8-8831-4185-B812-6226B1AF95EB} = {C7AF0833-5A8C-46D9-A722-8AF38612B519}
		{5C3615B3-E4B9-4092-9FDE-7BA727A1B8B8} = {2A7CFBBD-F435-4069-9B37-4D34668CFD1F}
	EndGlobalSection
	GlobalSection(ExtensibilityGlobals) = postSolution
		SolutionGuid = {C1A93395-5CFA-4FFA-A6E6-D8ABD3E77A56}
	EndGlobalSection
EndGlobal
